
Microsoft Visual Studio Solution File, Format Version 12.00
# Visual Studio 14
VisualStudioVersion = 14.0.23107.0
MinimumVisualStudioVersion = 10.0.40219.1
Project("{FAE04EC0-301F-11D3-BF4B-00C04F79EFBC}") = "Tests", "Tests\Tests.csproj", "{647D6FC9-27C9-4CC5-BE6B-6E106A205A2F}"
EndProject
Project("{FAE04EC0-301F-11D3-BF4B-00C04F79EFBC}") = "ELI", "ELI\ELI.csproj", "{3B7B68D6-FEA9-48B7-87F9-FC53B8F42E5C}"
EndProject
Project("{FAE04EC0-301F-11D3-BF4B-00C04F79EFBC}") = "ELIWebService", "ELIWebService\ELIWebService.csproj", "{FBA56D8B-7D2C-456C-8070-B3C263C60EEE}"
EndProject
Project("{FAE04EC0-301F-11D3-BF4B-00C04F79EFBC}") = "ELIWebService.Tests", "ELIWebService.Tests\ELIWebService.Tests.csproj", "{F7524CC1-7717-4EF7-A465-B2CA2831AB5D}"
EndProject
Global
	GlobalSection(SolutionConfigurationPlatforms) = preSolution
		Debug|Any CPU = Debug|Any CPU
		Debug|x64 = Debug|x64
		Debug|x86 = Debug|x86
		Release|Any CPU = Release|Any CPU
		Release|x64 = Release|x64
		Release|x86 = Release|x86
	EndGlobalSection
	GlobalSection(ProjectConfigurationPlatforms) = postSolution
		{647D6FC9-27C9-4CC5-BE6B-6E106A205A2F}.Debug|Any CPU.ActiveCfg = Debug|Any CPU
		{647D6FC9-27C9-4CC5-BE6B-6E106A205A2F}.Debug|Any CPU.Build.0 = Debug|Any CPU
		{647D6FC9-27C9-4CC5-BE6B-6E106A205A2F}.Debug|x64.ActiveCfg = Debug|Any CPU
		{647D6FC9-27C9-4CC5-BE6B-6E106A205A2F}.Debug|x64.Build.0 = Debug|Any CPU
		{647D6FC9-27C9-4CC5-BE6B-6E106A205A2F}.Debug|x86.ActiveCfg = Debug|Any CPU
		{647D6FC9-27C9-4CC5-BE6B-6E106A205A2F}.Debug|x86.Build.0 = Debug|Any CPU
		{647D6FC9-27C9-4CC5-BE6B-6E106A205A2F}.Release|Any CPU.ActiveCfg = Release|Any CPU
		{647D6FC9-27C9-4CC5-BE6B-6E106A205A2F}.Release|Any CPU.Build.0 = Release|Any CPU
		{647D6FC9-27C9-4CC5-BE6B-6E106A205A2F}.Release|x64.ActiveCfg = Release|Any CPU
		{647D6FC9-27C9-4CC5-BE6B-6E106A205A2F}.Release|x64.Build.0 = Release|Any CPU
		{647D6FC9-27C9-4CC5-BE6B-6E106A205A2F}.Release|x86.ActiveCfg = Release|Any CPU
		{647D6FC9-27C9-4CC5-BE6B-6E106A205A2F}.Release|x86.Build.0 = Release|Any CPU
		{3B7B68D6-FEA9-48B7-87F9-FC53B8F42E5C}.Debug|Any CPU.ActiveCfg = Debug|Any CPU
		{3B7B68D6-FEA9-48B7-87F9-FC53B8F42E5C}.Debug|Any CPU.Build.0 = Debug|Any CPU
		{3B7B68D6-FEA9-48B7-87F9-FC53B8F42E5C}.Debug|x64.ActiveCfg = Debug|Any CPU
		{3B7B68D6-FEA9-48B7-87F9-FC53B8F42E5C}.Debug|x64.Build.0 = Debug|Any CPU
		{3B7B68D6-FEA9-48B7-87F9-FC53B8F42E5C}.Debug|x86.ActiveCfg = Debug|x86
		{3B7B68D6-FEA9-48B7-87F9-FC53B8F42E5C}.Debug|x86.Build.0 = Debug|x86
		{3B7B68D6-FEA9-48B7-87F9-FC53B8F42E5C}.Release|Any CPU.ActiveCfg = Release|Any CPU
		{3B7B68D6-FEA9-48B7-87F9-FC53B8F42E5C}.Release|Any CPU.Build.0 = Release|Any CPU
		{3B7B68D6-FEA9-48B7-87F9-FC53B8F42E5C}.Release|x64.ActiveCfg = Release|x86
		{3B7B68D6-FEA9-48B7-87F9-FC53B8F42E5C}.Release|x64.Build.0 = Release|x86
		{3B7B68D6-FEA9-48B7-87F9-FC53B8F42E5C}.Release|x86.ActiveCfg = Release|x86
		{3B7B68D6-FEA9-48B7-87F9-FC53B8F42E5C}.Release|x86.Build.0 = Release|x86
		{FBA56D8B-7D2C-456C-8070-B3C263C60EEE}.Debug|Any CPU.ActiveCfg = Debug|Any CPU
		{FBA56D8B-7D2C-456C-8070-B3C263C60EEE}.Debug|Any CPU.Build.0 = Debug|Any CPU
		{FBA56D8B-7D2C-456C-8070-B3C263C60EEE}.Debug|x64.ActiveCfg = Debug|Any CPU
		{FBA56D8B-7D2C-456C-8070-B3C263C60EEE}.Debug|x64.Build.0 = Debug|Any CPU
		{FBA56D8B-7D2C-456C-8070-B3C263C60EEE}.Debug|x86.ActiveCfg = Debug|Any CPU
		{FBA56D8B-7D2C-456C-8070-B3C263C60EEE}.Debug|x86.Build.0 = Debug|Any CPU
		{FBA56D8B-7D2C-456C-8070-B3C263C60EEE}.Release|Any CPU.ActiveCfg = Release|Any CPU
		{FBA56D8B-7D2C-456C-8070-B3C263C60EEE}.Release|Any CPU.Build.0 = Release|Any CPU
		{FBA56D8B-7D2C-456C-8070-B3C263C60EEE}.Release|x64.ActiveCfg = Release|Any CPU
		{FBA56D8B-7D2C-456C-8070-B3C263C60EEE}.Release|x64.Build.0 = Release|Any CPU
		{FBA56D8B-7D2C-456C-8070-B3C263C60EEE}.Release|x86.ActiveCfg = Release|Any CPU
		{FBA56D8B-7D2C-456C-8070-B3C263C60EEE}.Release|x86.Build.0 = Release|Any CPU
		{F7524CC1-7717-4EF7-A465-B2CA2831AB5D}.Debug|Any CPU.ActiveCfg = Debug|Any CPU
		{F7524CC1-7717-4EF7-A465-B2CA2831AB5D}.Debug|Any CPU.Build.0 = Debug|Any CPU
		{F7524CC1-7717-4EF7-A465-B2CA2831AB5D}.Debug|x64.ActiveCfg = Debug|Any CPU
		{F7524CC1-7717-4EF7-A465-B2CA2831AB5D}.Debug|x64.Build.0 = Debug|Any CPU
		{F7524CC1-7717-4EF7-A465-B2CA2831AB5D}.Debug|x86.ActiveCfg = Debug|Any CPU
		{F7524CC1-7717-4EF7-A465-B2CA2831AB5D}.Debug|x86.Build.0 = Debug|Any CPU
		{F7524CC1-7717-4EF7-A465-B2CA2831AB5D}.Release|Any CPU.ActiveCfg = Release|Any CPU
		{F7524CC1-7717-4EF7-A465-B2CA2831AB5D}.Release|Any CPU.Build.0 = Release|Any CPU
		{F7524CC1-7717-4EF7-A465-B2CA2831AB5D}.Release|x64.ActiveCfg = Release|Any CPU
		{F7524CC1-7717-4EF7-A465-B2CA2831AB5D}.Release|x64.Build.0 = Release|Any CPU
		{F7524CC1-7717-4EF7-A465-B2CA2831AB5D}.Release|x86.ActiveCfg = Release|Any CPU
		{F7524CC1-7717-4EF7-A465-B2CA2831AB5D}.Release|x86.Build.0 = Release|Any CPU
	EndGlobalSection
	GlobalSection(SolutionProperties) = preSolution
		HideSolutionNode = FALSE
	EndGlobalSection
EndGlobal
